{
  "name": "@stuft2/checksum",
  "version": "1.0.0",
  "lockfileVersion": 2,
  "requires": true,
  "packages": {
    "": {
      "name": "@stuft2/checksum",
      "version": "1.0.0",
      "license": "ISC",
      "dependencies": {
        "lodash.chunk": "^4.2.0"
      },
      "devDependencies": {
        "@types/lodash.chunk": "^4.2.6"
      }
    },
    "node_modules/@types/lodash": {
      "version": "4.14.176",
      "resolved": "https://registry.npmjs.org/@types/lodash/-/lodash-4.14.176.tgz",
      "integrity": "sha512-xZmuPTa3rlZoIbtDUyJKZQimJV3bxCmzMIO2c9Pz9afyDro6kr7R79GwcB6mRhuoPmV2p1Vb66WOJH7F886WKQ==",
      "dev": true
    },
    "node_modules/@types/lodash.chunk": {
      "version": "4.2.6",
      "resolved": "https://registry.npmjs.org/@types/lodash.chunk/-/lodash.chunk-4.2.6.tgz",
      "integrity": "sha512-SPlusB7jxXyGcTXYcUdWr7WmhArO/rmTq54VN88iKMxGUhyg79I4Q8n4riGn3kjaTjOJrVlHhxgX/d7woak5BQ==",
      "dev": true,
      "dependencies": {
        "@types/lodash": "*"
      }
    },
    "node_modules/lodash.chunk": {
      "version": "4.2.0",
      "resolved": "https://registry.npmjs.org/lodash.chunk/-/lodash.chunk-4.2.0.tgz",
      "integrity": "sha1-ZuXOH3btJ7QwPYxlEujRIW6BBrw="
    }
  },
  "dependencies": {
    "@types/lodash": {
      "version": "4.14.176",
      "resolved": "https://registry.npmjs.org/@types/lodash/-/lodash-4.14.176.tgz",
      "integrity": "sha512-xZmuPTa3rlZoIbtDUyJKZQimJV3bxCmzMIO2c9Pz9afyDro6kr7R79GwcB6mRhuoPmV2p1Vb66WOJH7F886WKQ==",
      "dev": true
    },
    "@types/lodash.chunk": {
      "version": "4.2.6",
      "resolved": "https://registry.npmjs.org/@types/lodash.chunk/-/lodash.chunk-4.2.6.tgz",
      "integrity": "sha512-SPlusB7jxXyGcTXYcUdWr7WmhArO/rmTq54VN88iKMxGUhyg79I4Q8n4riGn3kjaTjOJrVlHhxgX/d7woak5BQ==",
      "dev": true,
      "requires": {
        "@types/lodash": "*"
      }
    },
    "lodash.chunk": {
      "version": "4.2.0",
      "resolved": "https://registry.npmjs.org/lodash.chunk/-/lodash.chunk-4.2.0.tgz",
      "integrity": "sha1-ZuXOH3btJ7QwPYxlEujRIW6BBrw="
    }
  }
}
